
Microsoft Visual Studio Solution File, Format Version 12.00
Project("{FAE04EC0-301F-11D3-BF4B-00C04F79EFBC}") = "CoffeShop Management System", "CoffeShop Management System.csproj", "{B6F1FFD7-D574-4AF5-872A-91C7CE55BC35}"
EndProject
Global
	GlobalSection(SolutionConfigurationPlatforms) = preSolution
		Debug|Any CPU = Debug|Any CPU
		Release|Any CPU = Release|Any CPU
	EndGlobalSection
	GlobalSection(ProjectConfigurationPlatforms) = postSolution
		{B6F1FFD7-D574-4AF5-872A-91C7CE55BC35}.Debug|Any CPU.ActiveCfg = Debug|Any CPU
		{B6F1FFD7-D574-4AF5-872A-91C7CE55BC35}.Debug|Any CPU.Build.0 = Debug|Any CPU
		{B6F1FFD7-D574-4AF5-872A-91C7CE55BC35}.Release|Any CPU.ActiveCfg = Release|Any CPU
		{B6F1FFD7-D574-4AF5-872A-91C7CE55BC35}.Release|Any CPU.Build.0 = Release|Any CPU
	EndGlobalSection
EndGlobal
